
Microsoft Visual Studio Solution File, Format Version 12.00
# Visual Studio Version 17
VisualStudioVersion = 17.4.33205.214
MinimumVisualStudioVersion = 10.0.40219.1
Project("{FAE04EC0-301F-11D3-BF4B-00C04F79EFBC}") = "Fila", "Fila.csproj", "{EEFB998F-0996-4721-8199-4CD3912D463B}"
EndProject
Global
	GlobalSection(SolutionConfigurationPlatforms) = preSolution
		Debug|Any CPU = Debug|Any CPU
		Release|Any CPU = Release|Any CPU
	EndGlobalSection
	GlobalSection(ProjectConfigurationPlatforms) = postSolution
		{EEFB998F-0996-4721-8199-4CD3912D463B}.Debug|Any CPU.ActiveCfg = Debug|Any CPU
		{EEFB998F-0996-4721-8199-4CD3912D463B}.Debug|Any CPU.Build.0 = Debug|Any CPU
		{EEFB998F-0996-4721-8199-4CD3912D463B}.Release|Any CPU.ActiveCfg = Release|Any CPU
		{EEFB998F-0996-4721-8199-4CD3912D463B}.Release|Any CPU.Build.0 = Release|Any CPU
	EndGlobalSection
	GlobalSection(SolutionProperties) = preSolution
		HideSolutionNode = FALSE
	EndGlobalSection
	GlobalSection(ExtensibilityGlobals) = postSolution
		SolutionGuid = {F9B4FD6F-9B4D-498C-8CA9-9E395D7C0737}
	EndGlobalSection
EndGlobal
